// !$*UTF8*$!
{
	archiveVersion = 1;
	classes = {
	};
	objectVersion = 77;
	objects = {

/* Begin PBXBuildFile section */
		908012302FF4A100005DDB8D /* AuthKit in Frameworks */ = {isa = PBXBuildFile; productRef = 908012312FF4A100005DDB8D /* AuthKit */; };
		908012332FF4B200005DDB8D /* SecurityKit in Frameworks */ = {isa = PBXBuildFile; productRef = 908012342FF4B200005DDB8D /* SecurityKit */; };
/* End PBXBuildFile section */

/* Begin PBXContainerItemProxy section */
		904C18292FF316BD00BB3088 /* PBXContainerItemProxy */ = {
			isa = PBXContainerItemProxy;
			containerPortal = 904C18132FF316BB00BB3088 /* Project object */;
			proxyType = 1;
			remoteGlobalIDString = 904C181A2FF316BB00BB3088;
			remoteInfo = SecureBankingDemo;
		};
		904C18332FF316BD00BB3088 /* PBXContainerItemProxy */ = {
			isa = PBXContainerItemProxy;
			containerPortal = 904C18132FF316BB00BB3088 /* Project object */;
			proxyType = 1;
			remoteGlobalIDString = 904C181A2FF316BB00BB3088;
			remoteInfo = SecureBankingDemo;
		};
/* End PBXContainerItemProxy section */

/* Begin PBXFileReference section */
		904C181B2FF316BB00BB3088 /* SecureBankingDemo.app */ = {isa = PBXFileReference; explicitFileType = wrapper.application; includeInIndex = 0; path = SecureBankingDemo.app; sourceTree = BUILT_PRODUCTS_DIR; };
		904C18282FF316BD00BB3088 /* SecureBankingDemoTests.xctest */ = {isa = PBXFileReference; explicitFileType = wrapper.cfbundle; includeInIndex = 0; path = SecureBankingDemoTests.xctest; sourceTree = BUILT_PRODUCTS_DIR; };
		904C18322FF316BD00BB3088 /* SecureBankingDemoUITests.xctest */ = {isa = PBXFileReference; explicitFileType = wrapper.cfbundle; includeInIndex = 0; path = SecureBankingDemoUITests.xctest; sourceTree = BUILT_PRODUCTS_DIR; };
		9080121E2FF39B59005DDB8D /* SecurityKit */ = {isa = PBXFileReference; lastKnownFileType = wrapper; name = SecurityKit; path = Packages/SecurityKit; sourceTree = "<group>"; };
		908012202FF39C8D005DDB8D /* AuthKit */ = {isa = PBXFileReference; lastKnownFileType = wrapper; name = AuthKit; path = Packages/AuthKit; sourceTree = "<group>"; };
		908012212FF39D17005DDB8D /* NetworkKit */ = {isa = PBXFileReference; lastKnownFileType = wrapper; name = NetworkKit; path = Packages/NetworkKit; sourceTree = "<group>"; };
		908012222FF39D4E005DDB8D /* AGENTS.md */ = {isa = PBXFileReference; lastKnownFileType = net.daringfireball.markdown; path = AGENTS.md; sourceTree = "<group>"; };
/* End PBXFileReference section */

/* Begin PBXFileSystemSynchronizedRootGroup section */
		904C181D2FF316BB00BB3088 /* SecureBankingDemo */ = {
			isa = PBXFileSystemSynchronizedRootGroup;
			path = SecureBankingDemo;
			sourceTree = "<group>";
		};
		904C182B2FF316BD00BB3088 /* SecureBankingDemoTests */ = {
			isa = PBXFileSystemSynchronizedRootGroup;
			path = SecureBankingDemoTests;
			sourceTree = "<group>";
		};
		904C18352FF316BD00BB3088 /* SecureBankingDemoUITests */ = {
			isa = PBXFileSystemSynchronizedRootGroup;
			path = SecureBankingDemoUITests;
			sourceTree = "<group>";
		};
/* End PBXFileSystemSynchronizedRootGroup section */

/* Begin PBXFrameworksBuildPhase section */
		904C18182FF316BB00BB3088 /* Frameworks */ = {
			isa = PBXFrameworksBuildPhase;
			buildActionMask = 2147483647;
			files = (
				908012302FF4A100005DDB8D /* AuthKit in Frameworks */,
				908012332FF4B200005DDB8D /* SecurityKit in Frameworks */,
			);
			runOnlyForDeploymentPostprocessing = 0;
		};
		904C18252FF316BD00BB3088 /* Frameworks */ = {
			isa = PBXFrameworksBuildPhase;
			buildActionMask = 2147483647;
			files = (
			);
			runOnlyForDeploymentPostprocessing = 0;
		};
		904C182F2FF316BD00BB3088 /* Frameworks */ = {
			isa = PBXFrameworksBuildPhase;
			buildActionMask = 2147483647;
			files = (
			);
			runOnlyForDeploymentPostprocessing = 0;
		};
/* End PBXFrameworksBuildPhase section */

/* Begin PBXGroup section */
		904C18122FF316BB00BB3088 = {
			isa = PBXGroup;
			children = (
				908012222FF39D4E005DDB8D /* AGENTS.md */,
				908012212FF39D17005DDB8D /* NetworkKit */,
				9080121E2FF39B59005DDB8D /* SecurityKit */,
				904C181D2FF316BB00BB3088 /* SecureBankingDemo */,
				904C182B2FF316BD00BB3088 /* SecureBankingDemoTests */,
				904C18352FF316BD00BB3088 /* SecureBankingDemoUITests */,
				904C181C2FF316BB00BB3088 /* Products */,
				908012202FF39C8D005DDB8D /* AuthKit */,
			);
			sourceTree = "<group>";
		};
		904C181C2FF316BB00BB3088 /* Products */ = {
			isa = PBXGroup;
			children = (
				904C181B2FF316BB00BB3088 /* SecureBankingDemo.app */,
				904C18282FF316BD00BB3088 /* SecureBankingDemoTests.xctest */,
				904C18322FF316BD00BB3088 /* SecureBankingDemoUITests.xctest */,
			);
			name = Products;
			sourceTree = "<group>";
		};
/* End PBXGroup section */

/* Begin PBXNativeTarget section */
		904C181A2FF316BB00BB3088 /* SecureBankingDemo */ = {
			isa = PBXNativeTarget;
			buildConfigurationList = 904C183C2FF316BD00BB3088 /* Build configuration list for PBXNativeTarget "SecureBankingDemo" */;
			buildPhases = (
				904C18172FF316BB00BB3088 /* Sources */,
				904C18182FF316BB00BB3088 /* Frameworks */,
				904C18192FF316BB00BB3088 /* Resources */,
			);
			buildRules = (
			);
			dependencies = (
			);
			fileSystemSynchronizedGroups = (
				904C181D2FF316BB00BB3088 /* SecureBankingDemo */,
			);
			name = SecureBankingDemo;
			packageProductDependencies = (
				908012312FF4A100005DDB8D /* AuthKit */,
				908012342FF4B200005DDB8D /* SecurityKit */,
			);
			productName = SecureBankingDemo;
			productReference = 904C181B2FF316BB00BB3088 /* SecureBankingDemo.app */;
			productType = "com.apple.product-type.application";
		};
		904C18272FF316BD00BB3088 /* SecureBankingDemoTests */ = {
			isa = PBXNativeTarget;
			buildConfigurationList = 904C183F2FF316BD00BB3088 /* Build configuration list for PBXNativeTarget "SecureBankingDemoTests" */;
			buildPhases = (
				904C18242FF316BD00BB3088 /* Sources */,
				904C18252FF316BD00BB3088 /* Frameworks */,
				904C18262FF316BD00BB3088 /* Resources */,
			);
			buildRules = (
			);
			dependencies = (
				904C182A2FF316BD00BB3088 /* PBXTargetDependency */,
			);
			fileSystemSynchronizedGroups = (
				904C182B2FF316BD00BB3088 /* SecureBankingDemoTests */,
			);
			name = SecureBankingDemoTests;
			packageProductDependencies = (
			);
			productName = SecureBankingDemoTests;
			productReference = 904C18282FF316BD00BB3088 /* SecureBankingDemoTests.xctest */;
			productType = "com.apple.product-type.bundle.unit-test";
		};
		904C18312FF316BD00BB3088 /* SecureBankingDemoUITests */ = {
			isa = PBXNativeTarget;
			buildConfigurationList = 904C18422FF316BD00BB3088 /* Build configuration list for PBXNativeTarget "SecureBankingDemoUITests" */;
			buildPhases = (
				904C182E2FF316BD00BB3088 /* Sources */,
				904C182F2FF316BD00BB3088 /* Frameworks */,
				904C18302FF316BD00BB3088 /* Resources */,
			);
			buildRules = (
			);
			dependencies = (
				904C18342FF316BD00BB3088 /* PBXTargetDependency */,
			);
			fileSystemSynchronizedGroups = (
				904C18352FF316BD00BB3088 /* SecureBankingDemoUITests */,
			);
			name = SecureBankingDemoUITests;
			packageProductDependencies = (
			);
			productName = SecureBankingDemoUITests;
			productReference = 904C18322FF316BD00BB3088 /* SecureBankingDemoUITests.xctest */;
			productType = "com.apple.product-type.bundle.ui-testing";
		};
/* End PBXNativeTarget section */

/* Begin PBXProject section */
		904C18132FF316BB00BB3088 /* Project object */ = {
			isa = PBXProject;
			attributes = {
				BuildIndependentTargetsInParallel = 1;
				LastSwiftUpdateCheck = 2640;
				LastUpgradeCheck = 2640;
				TargetAttributes = {
					904C181A2FF316BB00BB3088 = {
						CreatedOnToolsVersion = 26.4;
					};
					904C18272FF316BD00BB3088 = {
						CreatedOnToolsVersion = 26.4;
						TestTargetID = 904C181A2FF316BB00BB3088;
					};
					904C18312FF316BD00BB3088 = {
						CreatedOnToolsVersion = 26.4;
						TestTargetID = 904C181A2FF316BB00BB3088;
					};
				};
			};
			buildConfigurationList = 904C18162FF316BB00BB3088 /* Build configuration list for PBXProject "SecureBankingDemo" */;
			developmentRegion = en;
			hasScannedForEncodings = 0;
			knownRegions = (
				en,
				Base,
			);
			mainGroup = 904C18122FF316BB00BB3088;
			minimizedProjectReferenceProxies = 1;
			packageReferences = (
				908012322FF4A100005DDB8D /* XCLocalSwiftPackageReference "Packages/AuthKit" */,
				908012352FF4B200005DDB8D /* XCLocalSwiftPackageReference "Packages/SecurityKit" */,
			);
			preferredProjectObjectVersion = 77;
			productRefGroup = 904C181C2FF316BB00BB3088 /* Products */;
			projectDirPath = "";
			projectRoot = "";
			targets = (
				904C181A2FF316BB00BB3088 /* SecureBankingDemo */,
				904C18272FF316BD00BB3088 /* SecureBankingDemoTests */,
				904C18312FF316BD00BB3088 /* SecureBankingDemoUITests */,
			);
		};
/* End PBXProject section */

/* Begin PBXResourcesBuildPhase section */
		904C18192FF316BB00BB3088 /* Resources */ = {
			isa = PBXResourcesBuildPhase;
			buildActionMask = 2147483647;
			files = (
			);
			runOnlyForDeploymentPostprocessing = 0;
		};
		904C18262FF316BD00BB3088 /* Resources */ = {
			isa = PBXResourcesBuildPhase;
			buildActionMask = 2147483647;
			files = (
			);
			runOnlyForDeploymentPostprocessing = 0;
		};
		904C18302FF316BD00BB3088 /* Resources */ = {
			isa = PBXResourcesBuildPhase;
			buildActionMask = 2147483647;
			files = (
			);
			runOnlyForDeploymentPostprocessing = 0;
		};
/* End PBXResourcesBuildPhase section */

/* Begin PBXSourcesBuildPhase section */
		904C18172FF316BB00BB3088 /* Sources */ = {
			isa = PBXSourcesBuildPhase;
			buildActionMask = 2147483647;
			files = (
			);
			runOnlyForDeploymentPostprocessing = 0;
		};
		904C18242FF316BD00BB3088 /* Sources */ = {
			isa = PBXSourcesBuildPhase;
			buildActionMask = 2147483647;
			files = (
			);
			runOnlyForDeploymentPostprocessing = 0;
		};
		904C182E2FF316BD00BB3088 /* Sources */ = {
			isa = PBXSourcesBuildPhase;
			buildActionMask = 2147483647;
			files = (
			);
			runOnlyForDeploymentPostprocessing = 0;
		};
/* End PBXSourcesBuildPhase section */

/* Begin PBXTargetDependency section */
		904C182A2FF316BD00BB3088 /* PBXTargetDependency */ = {
			isa = PBXTargetDependency;
			target = 904C181A2FF316BB00BB3088 /* SecureBankingDemo */;
			targetProxy = 904C18292FF316BD00BB3088 /* PBXContainerItemProxy */;
		};
		904C18342FF316BD00BB3088 /* PBXTargetDependency */ = {
			isa = PBXTargetDependency;
			target = 904C181A2FF316BB00BB3088 /* SecureBankingDemo */;
			targetProxy = 904C18332FF316BD00BB3088 /* PBXContainerItemProxy */;
		};
/* End PBXTargetDependency section */

/* Begin XCBuildConfiguration section */
		904C183A2FF316BD00BB3088 /* Debug */ = {
			isa = XCBuildConfiguration;
			buildSettings = {
				ALWAYS_SEARCH_USER_PATHS = NO;
				ASSETCATALOG_COMPILER_GENERATE_SWIFT_ASSET_SYMBOL_EXTENSIONS = YES;
				CLANG_ANALYZER_NONNULL = YES;
				CLANG_ANALYZER_NUMBER_OBJECT_CONVERSION = YES_AGGRESSIVE;
				CLANG_CXX_LANGUAGE_STANDARD = "gnu++20";
				CLANG_ENABLE_MODULES = YES;
				CLANG_ENABLE_OBJC_ARC = YES;
				CLANG_ENABLE_OBJC_WEAK = YES;
				CLANG_WARN_BLOCK_CAPTURE_AUTORELEASING = YES;
				CLANG_WARN_BOOL_CONVERSION = YES;
				CLANG_WARN_COMMA = YES;
				CLANG_WARN_CONSTANT_CONVERSION = YES;
				CLANG_WARN_DEPRECATED_OBJC_IMPLEMENTATIONS = YES;
				CLANG_WARN_DIRECT_OBJC_ISA_USAGE = YES_ERROR;
				CLANG_WARN_DOCUMENTATION_COMMENTS = YES;
				CLANG_WARN_EMPTY_BODY = YES;
				CLANG_WARN_ENUM_CONVERSION = YES;
				CLANG_WARN_INFINITE_RECURSION = YES;
				CLANG_WARN_INT_CONVERSION = YES;
				CLANG_WARN_NON_LITERAL_NULL_CONVERSION = YES;
				CLANG_WARN_OBJC_IMPLICIT_RETAIN_SELF = YES;
				CLANG_WARN_OBJC_LITERAL_CONVERSION = YES;
				CLANG_WARN_OBJC_ROOT_CLASS = YES_ERROR;
				CLANG_WARN_QUOTED_INCLUDE_IN_FRAMEWORK_HEADER = YES;
				CLANG_WARN_RANGE_LOOP_ANALYSIS = YES;
				CLANG_WARN_STRICT_PROTOTYPES = YES;
				CLANG_WARN_SUSPICIOUS_MOVE = YES;
				CLANG_WARN_UNGUARDED_AVAILABILITY = YES_AGGRESSIVE;
				CLANG_WARN_UNREACHABLE_CODE = YES;
				CLANG_WARN__DUPLICATE_METHOD_MATCH = YES;
				COPY_PHASE_STRIP = NO;
				DEBUG_INFORMATION_FORMAT = dwarf;
				DEVELOPMENT_TEAM = JND9XWCEGQ;
				ENABLE_STRICT_OBJC_MSGSEND = YES;
				ENABLE_TESTABILITY = YES;
				ENABLE_USER_SCRIPT_SANDBOXING = YES;
				GCC_C_LANGUAGE_STANDARD = gnu17;
				GCC_DYNAMIC_NO_PIC = NO;
				GCC_NO_COMMON_BLOCKS = YES;
				GCC_OPTIMIZATION_LEVEL = 0;
				GCC_PREPROCESSOR_DEFINITIONS = (
					"DEBUG=1",
					"$(inherited)",
				);
				GCC_WARN_64_TO_32_BIT_CONVERSION = YES;
				GCC_WARN_ABOUT_RETURN_TYPE = YES_ERROR;
				GCC_WARN_UNDECLARED_SELECTOR = YES;
				GCC_WARN_UNINITIALIZED_AUTOS = YES_AGGRESSIVE;
				GCC_WARN_UNUSED_FUNCTION = YES;
				GCC_WARN_UNUSED_VARIABLE = YES;
				IPHONEOS_DEPLOYMENT_TARGET = 26.4;
				LOCALIZATION_PREFERS_STRING_CATALOGS = YES;
				MTL_ENABLE_DEBUG_INFO = INCLUDE_SOURCE;
				MTL_FAST_MATH = YES;
				ONLY_ACTIVE_ARCH = YES;
				SDKROOT = iphoneos;
				SWIFT_ACTIVE_COMPILATION_CONDITIONS = "DEBUG $(inherited)";
				SWIFT_OPTIMIZATION_LEVEL = "-Onone";
			};
			name = Debug;
		};
		904C183B2FF316BD00BB3088 /* Release */ = {
			isa = XCBuildConfiguration;
			buildSettings = {
				ALWAYS_SEARCH_USER_PATHS = NO;
				ASSETCATALOG_COMPILER_GENERATE_SWIFT_ASSET_SYMBOL_EXTENSIONS = YES;
				CLANG_ANALYZER_NONNULL = YES;
				CLANG_ANALYZER_NUMBER_OBJECT_CONVERSION = YES_AGGRESSIVE;
				CLANG_CXX_LANGUAGE_STANDARD = "gnu++20";
				CLANG_ENABLE_MODULES = YES;
				CLANG_ENABLE_OBJC_ARC = YES;
				CLANG_ENABLE_OBJC_WEAK = YES;
				CLANG_WARN_BLOCK_CAPTURE_AUTORELEASING = YES;
				CLANG_WARN_BOOL_CONVERSION = YES;
				CLANG_WARN_COMMA = YES;
				CLANG_WARN_CONSTANT_CONVERSION = YES;
				CLANG_WARN_DEPRECATED_OBJC_IMPLEMENTATIONS = YES;
				CLANG_WARN_DIRECT_OBJC_ISA_USAGE = YES_ERROR;
				CLANG_WARN_DOCUMENTATION_COMMENTS = YES;
				CLANG_WARN_EMPTY_BODY = YES;
				CLANG_WARN_ENUM_CONVERSION = YES;
				CLANG_WARN_INFINITE_RECURSION = YES;
				CLANG_WARN_INT_CONVERSION = YES;
				CLANG_WARN_NON_LITERAL_NULL_CONVERSION = YES;
				CLANG_WARN_OBJC_IMPLICIT_RETAIN_SELF = YES;
				CLANG_WARN_OBJC_LITERAL_CONVERSION = YES;
				CLANG_WARN_OBJC_ROOT_CLASS = YES_ERROR;
				CLANG_WARN_QUOTED_INCLUDE_IN_FRAMEWORK_HEADER = YES;
				CLANG_WARN_RANGE_LOOP_ANALYSIS = YES;
				CLANG_WARN_STRICT_PROTOTYPES = YES;
				CLANG_WARN_SUSPICIOUS_MOVE = YES;
				CLANG_WARN_UNGUARDED_AVAILABILITY = YES_AGGRESSIVE;
				CLANG_WARN_UNREACHABLE_CODE = YES;
				CLANG_WARN__DUPLICATE_METHOD_MATCH = YES;
				COPY_PHASE_STRIP = NO;
				DEBUG_INFORMATION_FORMAT = "dwarf-with-dsym";
				DEVELOPMENT_TEAM = JND9XWCEGQ;
				ENABLE_NS_ASSERTIONS = NO;
				ENABLE_STRICT_OBJC_MSGSEND = YES;
				ENABLE_USER_SCRIPT_SANDBOXING = YES;
				GCC_C_LANGUAGE_STANDARD = gnu17;
				GCC_NO_COMMON_BLOCKS = YES;
				GCC_WARN_64_TO_32_BIT_CONVERSION = YES;
				GCC_WARN_ABOUT_RETURN_TYPE = YES_ERROR;
				GCC_WARN_UNDECLARED_SELECTOR = YES;
				GCC_WARN_UNINITIALIZED_AUTOS = YES_AGGRESSIVE;
				GCC_WARN_UNUSED_FUNCTION = YES;
				GCC_WARN_UNUSED_VARIABLE = YES;
				IPHONEOS_DEPLOYMENT_TARGET = 26.4;
				LOCALIZATION_PREFERS_STRING_CATALOGS = YES;
				MTL_ENABLE_DEBUG_INFO = NO;
				MTL_FAST_MATH = YES;
				SDKROOT = iphoneos;
				SWIFT_COMPILATION_MODE = wholemodule;
				VALIDATE_PRODUCT = YES;
			};
			name = Release;
		};
		904C183D2FF316BD00BB3088 /* Debug */ = {
			isa = XCBuildConfiguration;
			buildSettings = {
				ASSETCATALOG_COMPILER_APPICON_NAME = AppIcon;
				ASSETCATALOG_COMPILER_GLOBAL_ACCENT_COLOR_NAME = AccentColor;
				CODE_SIGN_STYLE = Automatic;
				CURRENT_PROJECT_VERSION = 1;
				DEVELOPMENT_TEAM = JND9XWCEGQ;
				ENABLE_PREVIEWS = YES;
				GENERATE_INFOPLIST_FILE = YES;
				INFOPLIST_KEY_UIApplicationSceneManifest_Generation = YES;
				INFOPLIST_KEY_UIApplicationSupportsIndirectInputEvents = YES;
				INFOPLIST_KEY_UILaunchScreen_Generation = YES;
				INFOPLIST_KEY_NSFaceIDUsageDescription = "Use Face ID to unlock your saved demo session.";
				INFOPLIST_KEY_UISupportedInterfaceOrientations_iPad = "UIInterfaceOrientationPortrait UIInterfaceOrientationPortraitUpsideDown UIInterfaceOrientationLandscapeLeft UIInterfaceOrientationLandscapeRight";
				INFOPLIST_KEY_UISupportedInterfaceOrientations_iPhone = "UIInterfaceOrientationPortrait UIInterfaceOrientationLandscapeLeft UIInterfaceOrientationLandscapeRight";
				LD_RUNPATH_SEARCH_PATHS = (
					"$(inherited)",
					"@executable_path/Frameworks",
				);
				MARKETING_VERSION = 1.0;
				PRODUCT_BUNDLE_IDENTIFIER = com.junfengtech.SecureBankingDemo;
				PRODUCT_NAME = "$(TARGET_NAME)";
				STRING_CATALOG_GENERATE_SYMBOLS = YES;
				SWIFT_APPROACHABLE_CONCURRENCY = YES;
				SWIFT_DEFAULT_ACTOR_ISOLATION = MainActor;
				SWIFT_EMIT_LOC_STRINGS = YES;
				SWIFT_UPCOMING_FEATURE_MEMBER_IMPORT_VISIBILITY = YES;
				SWIFT_VERSION = 5.0;
				TARGETED_DEVICE_FAMILY = "1,2";
			};
			name = Debug;
		};
		904C183E2FF316BD00BB3088 /* Release */ = {
			isa = XCBuildConfiguration;
			buildSettings = {
				ASSETCATALOG_COMPILER_APPICON_NAME = AppIcon;
				ASSETCATALOG_COMPILER_GLOBAL_ACCENT_COLOR_NAME = AccentColor;
				CODE_SIGN_STYLE = Automatic;
				CURRENT_PROJECT_VERSION = 1;
				DEVELOPMENT_TEAM = JND9XWCEGQ;
				ENABLE_PREVIEWS = YES;
				GENERATE_INFOPLIST_FILE = YES;
				INFOPLIST_KEY_UIApplicationSceneManifest_Generation = YES;
				INFOPLIST_KEY_UIApplicationSupportsIndirectInputEvents = YES;
				INFOPLIST_KEY_UILaunchScreen_Generation = YES;
				INFOPLIST_KEY_NSFaceIDUsageDescription = "Use Face ID to unlock your saved demo session.";
				INFOPLIST_KEY_UISupportedInterfaceOrientations_iPad = "UIInterfaceOrientationPortrait UIInterfaceOrientationPortraitUpsideDown UIInterfaceOrientationLandscapeLeft UIInterfaceOrientationLandscapeRight";
				INFOPLIST_KEY_UISupportedInterfaceOrientations_iPhone = "UIInterfaceOrientationPortrait UIInterfaceOrientationLandscapeLeft UIInterfaceOrientationLandscapeRight";
				LD_RUNPATH_SEARCH_PATHS = (
					"$(inherited)",
					"@executable_path/Frameworks",
				);
				MARKETING_VERSION = 1.0;
				PRODUCT_BUNDLE_IDENTIFIER = com.junfengtech.SecureBankingDemo;
				PRODUCT_NAME = "$(TARGET_NAME)";
				STRING_CATALOG_GENERATE_SYMBOLS = YES;
				SWIFT_APPROACHABLE_CONCURRENCY = YES;
				SWIFT_DEFAULT_ACTOR_ISOLATION = MainActor;
				SWIFT_EMIT_LOC_STRINGS = YES;
				SWIFT_UPCOMING_FEATURE_MEMBER_IMPORT_VISIBILITY = YES;
				SWIFT_VERSION = 5.0;
				TARGETED_DEVICE_FAMILY = "1,2";
			};
			name = Release;
		};
		904C18402FF316BD00BB3088 /* Debug */ = {
			isa = XCBuildConfiguration;
			buildSettings = {
				BUNDLE_LOADER = "$(TEST_HOST)";
				CODE_SIGN_STYLE = Automatic;
				CURRENT_PROJECT_VERSION = 1;
				DEVELOPMENT_TEAM = JND9XWCEGQ;
				GENERATE_INFOPLIST_FILE = YES;
				IPHONEOS_DEPLOYMENT_TARGET = 26.4;
				MARKETING_VERSION = 1.0;
				PRODUCT_BUNDLE_IDENTIFIER = com.junfengtech.SecureBankingDemoTests;
				PRODUCT_NAME = "$(TARGET_NAME)";
				STRING_CATALOG_GENERATE_SYMBOLS = NO;
				SWIFT_APPROACHABLE_CONCURRENCY = YES;
				SWIFT_EMIT_LOC_STRINGS = NO;
				SWIFT_UPCOMING_FEATURE_MEMBER_IMPORT_VISIBILITY = YES;
				SWIFT_VERSION = 5.0;
				TARGETED_DEVICE_FAMILY = "1,2";
				TEST_HOST = "$(BUILT_PRODUCTS_DIR)/SecureBankingDemo.app/$(BUNDLE_EXECUTABLE_FOLDER_PATH)/SecureBankingDemo";
			};
			name = Debug;
		};
		904C18412FF316BD00BB3088 /* Release */ = {
			isa = XCBuildConfiguration;
			buildSettings = {
				BUNDLE_LOADER = "$(TEST_HOST)";
				CODE_SIGN_STYLE = Automatic;
				CURRENT_PROJECT_VERSION = 1;
				DEVELOPMENT_TEAM = JND9XWCEGQ;
				GENERATE_INFOPLIST_FILE = YES;
				IPHONEOS_DEPLOYMENT_TARGET = 26.4;
				MARKETING_VERSION = 1.0;
				PRODUCT_BUNDLE_IDENTIFIER = com.junfengtech.SecureBankingDemoTests;
				PRODUCT_NAME = "$(TARGET_NAME)";
				STRING_CATALOG_GENERATE_SYMBOLS = NO;
				SWIFT_APPROACHABLE_CONCURRENCY = YES;
				SWIFT_EMIT_LOC_STRINGS = NO;
				SWIFT_UPCOMING_FEATURE_MEMBER_IMPORT_VISIBILITY = YES;
				SWIFT_VERSION = 5.0;
				TARGETED_DEVICE_FAMILY = "1,2";
				TEST_HOST = "$(BUILT_PRODUCTS_DIR)/SecureBankingDemo.app/$(BUNDLE_EXECUTABLE_FOLDER_PATH)/SecureBankingDemo";
			};
			name = Release;
		};
		904C18432FF316BD00BB3088 /* Debug */ = {
			isa = XCBuildConfiguration;
			buildSettings = {
				CODE_SIGN_STYLE = Automatic;
				CURRENT_PROJECT_VERSION = 1;
				DEVELOPMENT_TEAM = JND9XWCEGQ;
				GENERATE_INFOPLIST_FILE = YES;
				MARKETING_VERSION = 1.0;
				PRODUCT_BUNDLE_IDENTIFIER = com.junfengtech.SecureBankingDemoUITests;
				PRODUCT_NAME = "$(TARGET_NAME)";
				STRING_CATALOG_GENERATE_SYMBOLS = NO;
				SWIFT_APPROACHABLE_CONCURRENCY = YES;
				SWIFT_EMIT_LOC_STRINGS = NO;
				SWIFT_UPCOMING_FEATURE_MEMBER_IMPORT_VISIBILITY = YES;
				SWIFT_VERSION = 5.0;
				TARGETED_DEVICE_FAMILY = "1,2";
				TEST_TARGET_NAME = SecureBankingDemo;
			};
			name = Debug;
		};
		904C18442FF316BD00BB3088 /* Release */ = {
			isa = XCBuildConfiguration;
			buildSettings = {
				CODE_SIGN_STYLE = Automatic;
				CURRENT_PROJECT_VERSION = 1;
				DEVELOPMENT_TEAM = JND9XWCEGQ;
				GENERATE_INFOPLIST_FILE = YES;
				MARKETING_VERSION = 1.0;
				PRODUCT_BUNDLE_IDENTIFIER = com.junfengtech.SecureBankingDemoUITests;
				PRODUCT_NAME = "$(TARGET_NAME)";
				STRING_CATALOG_GENERATE_SYMBOLS = NO;
				SWIFT_APPROACHABLE_CONCURRENCY = YES;
				SWIFT_EMIT_LOC_STRINGS = NO;
				SWIFT_UPCOMING_FEATURE_MEMBER_IMPORT_VISIBILITY = YES;
				SWIFT_VERSION = 5.0;
				TARGETED_DEVICE_FAMILY = "1,2";
				TEST_TARGET_NAME = SecureBankingDemo;
			};
			name = Release;
		};
/* End XCBuildConfiguration section */

/* Begin XCConfigurationList section */
		904C18162FF316BB00BB3088 /* Build configuration list for PBXProject "SecureBankingDemo" */ = {
			isa = XCConfigurationList;
			buildConfigurations = (
				904C183A2FF316BD00BB3088 /* Debug */,
				904C183B2FF316BD00BB3088 /* Release */,
			);
			defaultConfigurationIsVisible = 0;
			defaultConfigurationName = Release;
		};
		904C183C2FF316BD00BB3088 /* Build configuration list for PBXNativeTarget "SecureBankingDemo" */ = {
			isa = XCConfigurationList;
			buildConfigurations = (
				904C183D2FF316BD00BB3088 /* Debug */,
				904C183E2FF316BD00BB3088 /* Release */,
			);
			defaultConfigurationIsVisible = 0;
			defaultConfigurationName = Release;
		};
		904C183F2FF316BD00BB3088 /* Build configuration list for PBXNativeTarget "SecureBankingDemoTests" */ = {
			isa = XCConfigurationList;
			buildConfigurations = (
				904C18402FF316BD00BB3088 /* Debug */,
				904C18412FF316BD00BB3088 /* Release */,
			);
			defaultConfigurationIsVisible = 0;
			defaultConfigurationName = Release;
		};
		904C18422FF316BD00BB3088 /* Build configuration list for PBXNativeTarget "SecureBankingDemoUITests" */ = {
			isa = XCConfigurationList;
			buildConfigurations = (
				904C18432FF316BD00BB3088 /* Debug */,
				904C18442FF316BD00BB3088 /* Release */,
			);
			defaultConfigurationIsVisible = 0;
			defaultConfigurationName = Release;
		};
/* End XCConfigurationList section */

/* Begin XCLocalSwiftPackageReference section */
		908012322FF4A100005DDB8D /* XCLocalSwiftPackageReference "Packages/AuthKit" */ = {
			isa = XCLocalSwiftPackageReference;
			relativePath = Packages/AuthKit;
		};
		908012352FF4B200005DDB8D /* XCLocalSwiftPackageReference "Packages/SecurityKit" */ = {
			isa = XCLocalSwiftPackageReference;
			relativePath = Packages/SecurityKit;
		};
/* End XCLocalSwiftPackageReference section */

/* Begin XCSwiftPackageProductDependency section */
		908012312FF4A100005DDB8D /* AuthKit */ = {
			isa = XCSwiftPackageProductDependency;
			package = 908012322FF4A100005DDB8D /* XCLocalSwiftPackageReference "Packages/AuthKit" */;
			productName = AuthKit;
		};
		908012342FF4B200005DDB8D /* SecurityKit */ = {
			isa = XCSwiftPackageProductDependency;
			package = 908012352FF4B200005DDB8D /* XCLocalSwiftPackageReference "Packages/SecurityKit" */;
			productName = SecurityKit;
		};
/* End XCSwiftPackageProductDependency section */
	};
	rootObject = 904C18132FF316BB00BB3088 /* Project object */;
}
